
Microsoft Visual Studio Solution File, Format Version 12.00
# Visual Studio Version 16
VisualStudioVersion = 16.0.31424.327
MinimumVisualStudioVersion = 10.0.40219.1
Project("{FAE04EC0-301F-11D3-BF4B-00C04F79EFBC}") = "MatchGame", "MatchGame.csproj", "{3BDE6315-E583-41AC-8702-409FE1494F5B}"
EndProject
Global
	GlobalSection(SolutionConfigurationPlatforms) = preSolution
		Debug|Any CPU = Debug|Any CPU
		Release|Any CPU = Release|Any CPU
	EndGlobalSection
	GlobalSection(ProjectConfigurationPlatforms) = postSolution
		{3BDE6315-E583-41AC-8702-409FE1494F5B}.Debug|Any CPU.ActiveCfg = Debug|Any CPU
		{3BDE6315-E583-41AC-8702-409FE1494F5B}.Debug|Any CPU.Build.0 = Debug|Any CPU
		{3BDE6315-E583-41AC-8702-409FE1494F5B}.Release|Any CPU.ActiveCfg = Release|Any CPU
		{3BDE6315-E583-41AC-8702-409FE1494F5B}.Release|Any CPU.Build.0 = Release|Any CPU
	EndGlobalSection
	GlobalSection(SolutionProperties) = preSolution
		HideSolutionNode = FALSE
	EndGlobalSection
	GlobalSection(ExtensibilityGlobals) = postSolution
		SolutionGuid = {51E07977-ED2F-4E89-A52F-09D84B098FB4}
	EndGlobalSection
EndGlobal
